
Microsoft Visual Studio Solution File, Format Version 12.00
# Visual Studio Version 16
VisualStudioVersion = 16.0.31112.23
MinimumVisualStudioVersion = 10.0.40219.1
Project("{FAE04EC0-301F-11D3-BF4B-00C04F79EFBC}") = "FridgeBook", "FridgeBook\FridgeBook.csproj", "{0BDE9014-AFC2-460F-9FBC-01E725842830}"
EndProject
Project("{FAE04EC0-301F-11D3-BF4B-00C04F79EFBC}") = "FridgeBook.Tests", "FridgeBook.Tests\FridgeBook.Tests.csproj", "{4BBD06EB-E994-4E16-91EF-FFF124185F3B}"
EndProject
Global
	GlobalSection(SolutionConfigurationPlatforms) = preSolution
		Debug|Any CPU = Debug|Any CPU
		Release|Any CPU = Release|Any CPU
	EndGlobalSection
	GlobalSection(ProjectConfigurationPlatforms) = postSolution
		{0BDE9014-AFC2-460F-9FBC-01E725842830}.Debug|Any CPU.ActiveCfg = Debug|Any CPU
		{0BDE9014-AFC2-460F-9FBC-01E725842830}.Debug|Any CPU.Build.0 = Debug|Any CPU
		{0BDE9014-AFC2-460F-9FBC-01E725842830}.Release|Any CPU.ActiveCfg = Release|Any CPU
		{0BDE9014-AFC2-460F-9FBC-01E725842830}.Release|Any CPU.Build.0 = Release|Any CPU
		{4BBD06EB-E994-4E16-91EF-FFF124185F3B}.Debug|Any CPU.ActiveCfg = Debug|Any CPU
		{4BBD06EB-E994-4E16-91EF-FFF124185F3B}.Debug|Any CPU.Build.0 = Debug|Any CPU
		{4BBD06EB-E994-4E16-91EF-FFF124185F3B}.Release|Any CPU.ActiveCfg = Release|Any CPU
		{4BBD06EB-E994-4E16-91EF-FFF124185F3B}.Release|Any CPU.Build.0 = Release|Any CPU
	EndGlobalSection
	GlobalSection(SolutionProperties) = preSolution
		HideSolutionNode = FALSE
	EndGlobalSection
	GlobalSection(ExtensibilityGlobals) = postSolution
		SolutionGuid = {0470C7FB-40A7-4E7E-917C-6B1991FED3E2}
	EndGlobalSection
EndGlobal
