
Microsoft Visual Studio Solution File, Format Version 12.00
# Visual Studio Version 16
VisualStudioVersion = 16.0.31112.23
MinimumVisualStudioVersion = 10.0.40219.1
Project("{FAE04EC0-301F-11D3-BF4B-00C04F79EFBC}") = "Project", "Project\Project.csproj", "{5B050C59-64A0-465D-B29B-7CEEDD5B84EA}"
EndProject
Global
	GlobalSection(SolutionConfigurationPlatforms) = preSolution
		Debug|Any CPU = Debug|Any CPU
		Release|Any CPU = Release|Any CPU
	EndGlobalSection
	GlobalSection(ProjectConfigurationPlatforms) = postSolution
		{5B050C59-64A0-465D-B29B-7CEEDD5B84EA}.Debug|Any CPU.ActiveCfg = Debug|Any CPU
		{5B050C59-64A0-465D-B29B-7CEEDD5B84EA}.Debug|Any CPU.Build.0 = Debug|Any CPU
		{5B050C59-64A0-465D-B29B-7CEEDD5B84EA}.Release|Any CPU.ActiveCfg = Release|Any CPU
		{5B050C59-64A0-465D-B29B-7CEEDD5B84EA}.Release|Any CPU.Build.0 = Release|Any CPU
	EndGlobalSection
	GlobalSection(SolutionProperties) = preSolution
		HideSolutionNode = FALSE
	EndGlobalSection
	GlobalSection(ExtensibilityGlobals) = postSolution
		SolutionGuid = {2EACD881-3737-4F19-8969-81D57F2DB39D}
	EndGlobalSection
EndGlobal
